PODS:
  - SimpleCalendar (1.0.11)

DEPENDENCIES:
  - SimpleCalendar

SPEC REPOS:
  https://github.com/cocoapods/specs.git:
    - SimpleCalendar

SPEC CHECKSUMS:
  SimpleCalendar: a4afece393e9d9402b2d1a500e04a14930226482

PODFILE CHECKSUM: 22d32ca463fff5ff0b166e87f7c21a2a4d05c188

COCOAPODS: 1.7.0.rc.2
