PODS:
  - SimpleCalendar (1.0.12)

DEPENDENCIES:
  - SimpleCalendar

SPEC REPOS:
  https://github.com/cocoapods/specs.git:
    - SimpleCalendar

SPEC CHECKSUMS:
  SimpleCalendar: 4b0a26f3053d20ae6e0fba6533f59b029d49ace3

PODFILE CHECKSUM: 22d32ca463fff5ff0b166e87f7c21a2a4d05c188

COCOAPODS: 1.7.0.rc.2
